
Microsoft Visual Studio Solution File, Format Version 12.00
# Visual Studio 15
VisualStudioVersion = 15.0.28010.2050
MinimumVisualStudioVersion = 10.0.40219.1
Project("{FAE04EC0-301F-11D3-BF4B-00C04F79EFBC}") = "Eindopdracht_periode_4_museum_applicatie", "Eindopdracht_periode_4_museum_applicatie\Eindopdracht_periode_4_museum_applicatie.csproj", "{CEE10DA7-FB02-449C-B702-DA917FB3C630}"
EndProject
Global
	GlobalSection(SolutionConfigurationPlatforms) = preSolution
		Debug|Any CPU = Debug|Any CPU
		Release|Any CPU = Release|Any CPU
	EndGlobalSection
	GlobalSection(ProjectConfigurationPlatforms) = postSolution
		{CEE10DA7-FB02-449C-B702-DA917FB3C630}.Debug|Any CPU.ActiveCfg = Debug|Any CPU
		{CEE10DA7-FB02-449C-B702-DA917FB3C630}.Debug|Any CPU.Build.0 = Debug|Any CPU
		{CEE10DA7-FB02-449C-B702-DA917FB3C630}.Release|Any CPU.ActiveCfg = Release|Any CPU
		{CEE10DA7-FB02-449C-B702-DA917FB3C630}.Release|Any CPU.Build.0 = Release|Any CPU
	EndGlobalSection
	GlobalSection(SolutionProperties) = preSolution
		HideSolutionNode = FALSE
	EndGlobalSection
	GlobalSection(ExtensibilityGlobals) = postSolution
		SolutionGuid = {3383329A-A7E8-4016-A272-531AC059FDCB}
	EndGlobalSection
EndGlobal
