
Microsoft Visual Studio Solution File, Format Version 12.00
# Visual Studio 15
VisualStudioVersion = 15.0.28010.2050
MinimumVisualStudioVersion = 10.0.40219.1
Project("{FAE04EC0-301F-11D3-BF4B-00C04F79EFBC}") = "NatSim2", "NatSim\NatSim2.csproj", "{60C563D7-BBF6-4BC9-8A21-C133C9E91EE5}"
EndProject
Global
	GlobalSection(SolutionConfigurationPlatforms) = preSolution
		Debug|Any CPU = Debug|Any CPU
		Release|Any CPU = Release|Any CPU
	EndGlobalSection
	GlobalSection(ProjectConfigurationPlatforms) = postSolution
		{60C563D7-BBF6-4BC9-8A21-C133C9E91EE5}.Debug|Any CPU.ActiveCfg = Debug|Any CPU
		{60C563D7-BBF6-4BC9-8A21-C133C9E91EE5}.Debug|Any CPU.Build.0 = Debug|Any CPU
		{60C563D7-BBF6-4BC9-8A21-C133C9E91EE5}.Release|Any CPU.ActiveCfg = Release|Any CPU
		{60C563D7-BBF6-4BC9-8A21-C133C9E91EE5}.Release|Any CPU.Build.0 = Release|Any CPU
	EndGlobalSection
	GlobalSection(SolutionProperties) = preSolution
		HideSolutionNode = FALSE
	EndGlobalSection
	GlobalSection(ExtensibilityGlobals) = postSolution
		SolutionGuid = {F0304647-DD80-43D4-8227-C21AC216B98B}
	EndGlobalSection
EndGlobal
