
Microsoft Visual Studio Solution File, Format Version 12.00
# Visual Studio 15
VisualStudioVersion = 15.0.28010.2050
MinimumVisualStudioVersion = 10.0.40219.1
Project("{FAE04EC0-301F-11D3-BF4B-00C04F79EFBC}") = "toetsPeriode2_opdracht_2", "toetsPeriode2_opdracht_2\toetsPeriode2_opdracht_2.csproj", "{73B637DE-91EE-4B9D-8151-67C0AABF5762}"
EndProject
Global
	GlobalSection(SolutionConfigurationPlatforms) = preSolution
		Debug|Any CPU = Debug|Any CPU
		Release|Any CPU = Release|Any CPU
	EndGlobalSection
	GlobalSection(ProjectConfigurationPlatforms) = postSolution
		{73B637DE-91EE-4B9D-8151-67C0AABF5762}.Debug|Any CPU.ActiveCfg = Debug|Any CPU
		{73B637DE-91EE-4B9D-8151-67C0AABF5762}.Debug|Any CPU.Build.0 = Debug|Any CPU
		{73B637DE-91EE-4B9D-8151-67C0AABF5762}.Release|Any CPU.ActiveCfg = Release|Any CPU
		{73B637DE-91EE-4B9D-8151-67C0AABF5762}.Release|Any CPU.Build.0 = Release|Any CPU
	EndGlobalSection
	GlobalSection(SolutionProperties) = preSolution
		HideSolutionNode = FALSE
	EndGlobalSection
	GlobalSection(ExtensibilityGlobals) = postSolution
		SolutionGuid = {FF47D7C1-9505-4F2A-8A8B-E0DCF8E60678}
	EndGlobalSection
EndGlobal
